
Microsoft Visual Studio Solution File, Format Version 12.00
# Visual Studio Version 16
VisualStudioVersion = 16.0.31424.327
MinimumVisualStudioVersion = 10.0.40219.1
Project("{FAE04EC0-301F-11D3-BF4B-00C04F79EFBC}") = "01_TypesAndVariables", "01_TypesAndVariables\01_TypesAndVariables.csproj", "{ABFA0D49-2832-4368-8489-2A53BA432E2A}"
EndProject
Project("{FAE04EC0-301F-11D3-BF4B-00C04F79EFBC}") = "02_Operators", "02_Operators\02_Operators.csproj", "{9F57ECD3-FB59-4073-B8A9-25310F9C9E00}"
EndProject
Global
	GlobalSection(SolutionConfigurationPlatforms) = preSolution
		Debug|Any CPU = Debug|Any CPU
		Release|Any CPU = Release|Any CPU
	EndGlobalSection
	GlobalSection(ProjectConfigurationPlatforms) = postSolution
		{ABFA0D49-2832-4368-8489-2A53BA432E2A}.Debug|Any CPU.ActiveCfg = Debug|Any CPU
		{ABFA0D49-2832-4368-8489-2A53BA432E2A}.Debug|Any CPU.Build.0 = Debug|Any CPU
		{ABFA0D49-2832-4368-8489-2A53BA432E2A}.Release|Any CPU.ActiveCfg = Release|Any CPU
		{ABFA0D49-2832-4368-8489-2A53BA432E2A}.Release|Any CPU.Build.0 = Release|Any CPU
		{9F57ECD3-FB59-4073-B8A9-25310F9C9E00}.Debug|Any CPU.ActiveCfg = Debug|Any CPU
		{9F57ECD3-FB59-4073-B8A9-25310F9C9E00}.Debug|Any CPU.Build.0 = Debug|Any CPU
		{9F57ECD3-FB59-4073-B8A9-25310F9C9E00}.Release|Any CPU.ActiveCfg = Release|Any CPU
		{9F57ECD3-FB59-4073-B8A9-25310F9C9E00}.Release|Any CPU.Build.0 = Release|Any CPU
	EndGlobalSection
	GlobalSection(SolutionProperties) = preSolution
		HideSolutionNode = FALSE
	EndGlobalSection
	GlobalSection(ExtensibilityGlobals) = postSolution
		SolutionGuid = {CC4C0027-E8DC-4CDE-824A-1C8AA8C27236}
	EndGlobalSection
EndGlobal
